# This file was autogenerated by Stack.
# You should not edit this file by hand.
# For more information, please see the documentation at:
#   https://docs.haskellstack.org/en/stable/lock_files

packages:
- completed:
    hackage: cmark-0.6.1@sha256:79b1d093fafcbd65a2d3c7f0a74b8384dca3c983552042157ff82f432d27a7d6,3253
    pantry-tree:
      sha256: 1a3449ffdb31ccb7aac980348e76d2ec65532395a1695e69beefc375e12d0287
      size: 2580
  original:
    hackage: cmark-0.6.1
snapshots:
- completed:
    sha256: 1d663bec402f77fa09fa3e8cf288c3c7eb18a1f28a5e0c331ac47adeacd21346
    size: 640034
    url: https://raw.githubusercontent.com/commercialhaskell/stackage-snapshots/master/lts/21/16.yaml
  original:
    url: https://raw.githubusercontent.com/commercialhaskell/stackage-snapshots/master/lts/21/16.yaml
